<?xml version="1.0" encoding="utf-8"?>
<Project ToolsVersion="4.0" xmlns="http://schemas.microsoft.com/developer/msbuild/2003">
  <ItemGroup>
    <Filter Include="Game Files">
      <UniqueIdentifier>{4FC737F1-C7A5-4376-A066-2A32D752A2FF}</UniqueIdentifier>
      <Extensions>cpp;c;cc;cxx;def;odl;idl;hpj;bat;asm;asmx</Extensions>
    </Filter>
    <Filter Include="Graphics Engine Files">
      <UniqueIdentifier>{93995380-89BD-4b04-88EB-625FBE52EBFB}</UniqueIdentifier>
      <Extensions>h;hpp;hxx;hm;inl;inc;xsd</Extensions>
    </Filter>
    <Filter Include="Other">
      <UniqueIdentifier>{b28a900a-ca47-4f32-8bb3-747d412b3f06}</UniqueIdentifier>
    </Filter>
    <Filter Include="Other\MaloWLib">
      <UniqueIdentifier>{1770d7db-a2dc-4d2c-8d7a-e4d049340e03}</UniqueIdentifier>
    </Filter>
    <Filter Include="Graphics Engine Files\MaloWLib">
      <UniqueIdentifier>{2a910e44-bf90-4106-9b73-0c02cc70ffd2}</UniqueIdentifier>
    </Filter>
    <Filter Include="Graphics Engine Files\MaloWLib\DirectX">
      <UniqueIdentifier>{e37bb7a1-c7a2-4e11-87de-483b9c34f5eb}</UniqueIdentifier>
    </Filter>
    <Filter Include="Graphics Engine Files\Shaders">
      <UniqueIdentifier>{3f043b24-e3c2-4300-8862-39a52b67e782}</UniqueIdentifier>
    </Filter>
    <Filter Include="GUI">
      <UniqueIdentifier>{3c6e96bd-50f7-48b5-b12a-fd1c5ea6423c}</UniqueIdentifier>
    </Filter>
    <Filter Include="GUI\Event">
      <UniqueIdentifier>{fb76ef5f-9c4c-4310-99a4-0b99699d03a9}</UniqueIdentifier>
    </Filter>
    <Filter Include="Sound Engine Files">
      <UniqueIdentifier>{a4843cc2-979d-4f6c-9809-013d07a66b92}</UniqueIdentifier>
    </Filter>
    <Filter Include="Game Files\Spells">
      <UniqueIdentifier>{ffdb4581-bc73-4ac7-aae0-708c766074c9}</UniqueIdentifier>
    </Filter>
    <Filter Include="Game Files\Physics">
      <UniqueIdentifier>{27a39241-73b8-49b0-b779-a81390b3384d}</UniqueIdentifier>
    </Filter>
    <Filter Include="Game Files\Game Modes">
      <UniqueIdentifier>{af15df33-e91a-49c4-a11f-bcc93cc7938f}</UniqueIdentifier>
    </Filter>
    <Filter Include="Game Files\Game Objects">
      <UniqueIdentifier>{31256a25-7b79-42ab-9cc0-731710f8499a}</UniqueIdentifier>
    </Filter>
    <Filter Include="Game Files\Network">
      <UniqueIdentifier>{677a7ff9-1331-4898-81eb-19ea9c0fa03f}</UniqueIdentifier>
    </Filter>
  </ItemGroup>
  <ItemGroup>
    <ClCompile Include="..\Source\main.cpp">
      <Filter>Game Files</Filter>
    </ClCompile>
    <ClCompile Include="..\Source\MainMenu.cpp">
      <Filter>Game Files</Filter>
    </ClCompile>
    <ClCompile Include="..\Source\GraphicsEngine\GraphicsEngine.cpp">
      <Filter>Graphics Engine Files</Filter>
    </ClCompile>
    <ClCompile Include="..\Source\GraphicsEngine\Image.cpp">
      <Filter>Graphics Engine Files</Filter>
    </ClCompile>
    <ClCompile Include="..\Source\MaloWLib\KeyListener.cpp">
      <Filter>Other\MaloWLib</Filter>
    </ClCompile>
    <ClCompile Include="..\Source\MaloWLib\Process.cpp">
      <Filter>Other\MaloWLib</Filter>
    </ClCompile>
    <ClCompile Include="..\Source\GraphicsEngine\MaloWLib\Camera.cpp">
      <Filter>Graphics Engine Files\MaloWLib</Filter>
    </ClCompile>
    <ClCompile Include="..\Source\GraphicsEngine\MaloWLib\FPSCamera.cpp">
      <Filter>Graphics Engine Files\MaloWLib</Filter>
    </ClCompile>
    <ClCompile Include="..\Source\GraphicsEngine\MaloWLib\Light.cpp">
      <Filter>Graphics Engine Files\MaloWLib</Filter>
    </ClCompile>
    <ClCompile Include="..\Source\GraphicsEngine\MaloWLib\Mesh.cpp">
      <Filter>Graphics Engine Files\MaloWLib</Filter>
    </ClCompile>
    <ClCompile Include="..\Source\GraphicsEngine\MaloWLib\MeshStrip.cpp">
      <Filter>Graphics Engine Files\MaloWLib</Filter>
    </ClCompile>
    <ClCompile Include="..\Source\GraphicsEngine\MaloWLib\ObjLoader.cpp">
      <Filter>Graphics Engine Files\MaloWLib</Filter>
    </ClCompile>
    <ClCompile Include="..\Source\GraphicsEngine\MaloWLib\RTSCamera.cpp">
      <Filter>Graphics Engine Files\MaloWLib</Filter>
    </ClCompile>
    <ClCompile Include="..\Source\GraphicsEngine\MaloWLib\DxManager.cpp">
      <Filter>Graphics Engine Files\MaloWLib\DirectX</Filter>
    </ClCompile>
    <ClCompile Include="..\Source\GraphicsEngine\MaloWLib\DxManagerRender.cpp">
      <Filter>Graphics Engine Files\MaloWLib\DirectX</Filter>
    </ClCompile>
    <ClCompile Include="..\Source\GraphicsEngine\MaloWLib\DxManagerInit.cpp">
      <Filter>Graphics Engine Files\MaloWLib\DirectX</Filter>
    </ClCompile>
    <ClCompile Include="..\Source\GraphicsEngine\MaloWLib\Buffer.cpp">
      <Filter>Graphics Engine Files\MaloWLib\DirectX</Filter>
    </ClCompile>
    <ClCompile Include="..\Source\GraphicsEngine\MaloWLib\Object3D.cpp">
      <Filter>Graphics Engine Files\MaloWLib\DirectX</Filter>
    </ClCompile>
    <ClCompile Include="..\Source\GraphicsEngine\MaloWLib\Shader.cpp">
      <Filter>Graphics Engine Files\MaloWLib\DirectX</Filter>
    </ClCompile>
    <ClCompile Include="..\Source\GraphicsEngine\MaloWLib\Terrain.cpp">
      <Filter>Graphics Engine Files\MaloWLib</Filter>
    </ClCompile>
    <ClCompile Include="..\Source\GUI\Element.cpp">
      <Filter>GUI</Filter>
    </ClCompile>
    <ClCompile Include="..\Source\GUI\GUISet.cpp">
      <Filter>GUI</Filter>
    </ClCompile>
    <ClCompile Include="..\Source\GUI\SimpleButton.cpp">
      <Filter>GUI</Filter>
    </ClCompile>
    <ClCompile Include="..\Source\GUI\NoEvent.cpp">
      <Filter>GUI\Event</Filter>
    </ClCompile>
    <ClCompile Include="..\Source\GUI\ChangeSetEvent.cpp">
      <Filter>GUI\Event</Filter>
    </ClCompile>
    <ClCompile Include="..\Source\GraphicsEngine\TextureManager.cpp">
      <Filter>Graphics Engine Files</Filter>
    </ClCompile>
    <ClCompile Include="..\Source\GraphicsEngine\SSAO.cpp">
      <Filter>Graphics Engine Files</Filter>
    </ClCompile>
    <ClCompile Include="..\Source\GUI\GUIEvent.cpp">
      <Filter>GUI\Event</Filter>
    </ClCompile>
    <ClCompile Include="..\Source\GraphicsEngine\Text.cpp">
      <Filter>Graphics Engine Files</Filter>
    </ClCompile>
    <ClCompile Include="..\Source\GUI\DropDownList.cpp">
      <Filter>GUI</Filter>
    </ClCompile>
    <ClCompile Include="..\Source\GraphicsEngine\SkyBox.cpp">
      <Filter>Graphics Engine Files</Filter>
    </ClCompile>
    <ClCompile Include="..\Source\GUI\GUIArchButton.cpp">
      <Filter>GUI</Filter>
    </ClCompile>
    <ClCompile Include="..\Source\GraphicsEngine\FXAA.cpp">
      <Filter>Graphics Engine Files</Filter>
    </ClCompile>
    <ClCompile Include="..\Source\GUI\ChangeResEvent.cpp">
      <Filter>GUI\Event</Filter>
    </ClCompile>
    <ClCompile Include="..\Source\InGameMenu.cpp">
      <Filter>Game Files</Filter>
    </ClCompile>
    <ClCompile Include="..\Source\MaloWLib\TCBSpline.cpp">
      <Filter>Other\MaloWLib</Filter>
    </ClCompile>
    <ClCompile Include="..\Source\GraphicsEngine\MaloWLib\CamRecording.cpp">
      <Filter>Graphics Engine Files\MaloWLib</Filter>
    </ClCompile>
    <ClCompile Include="..\Source\SoundEngine\SoundEngine.cpp">
      <Filter>Sound Engine Files</Filter>
    </ClCompile>
    <ClCompile Include="..\Source\GraphicsEngine\AnimatedMesh.cpp">
      <Filter>Graphics Engine Files</Filter>
    </ClCompile>
    <ClCompile Include="..\Source\GraphicsEngine\MaloWLib\DxManagerDeferred.cpp">
      <Filter>Graphics Engine Files\MaloWLib\DirectX</Filter>
    </ClCompile>
    <ClCompile Include="..\Source\GraphicsEngine\MaloWLib\DxManagerForwardRendering.cpp">
      <Filter>Graphics Engine Files\MaloWLib\DirectX</Filter>
    </ClCompile>
    <ClCompile Include="..\Source\GraphicsEngine\MaloWLib\DxManagerPostProcess.cpp">
      <Filter>Graphics Engine Files\MaloWLib\DirectX</Filter>
    </ClCompile>
    <ClCompile Include="..\Source\GraphicsEngine\StaticMesh.cpp">
      <Filter>Graphics Engine Files</Filter>
    </ClCompile>
    <ClCompile Include="..\Source\GraphicsEngine\MaloWLib\TRDCamera.cpp">
      <Filter>Graphics Engine Files\MaloWLib</Filter>
    </ClCompile>
    <ClCompile Include="..\Source\GUI\TextBox.cpp">
      <Filter>GUI</Filter>
    </ClCompile>
    <ClCompile Include="..\Source\GUI\SliderBar.cpp">
      <Filter>GUI</Filter>
    </ClCompile>
    <ClCompile Include="..\Source\Spells\ChargeSpell.cpp">
      <Filter>Game Files\Spells</Filter>
    </ClCompile>
    <ClCompile Include="..\Source\Spells\HardenSpell.cpp">
      <Filter>Game Files\Spells</Filter>
    </ClCompile>
    <ClCompile Include="..\Source\Spells\InvisibilitySpell.cpp">
      <Filter>Game Files\Spells</Filter>
    </ClCompile>
    <ClCompile Include="..\Source\Spells\Spell.cpp">
      <Filter>Game Files\Spells</Filter>
    </ClCompile>
    <ClCompile Include="..\Source\Spells\SprintSpell.cpp">
      <Filter>Game Files\Spells</Filter>
    </ClCompile>
    <ClCompile Include="..\Source\GUI\GameModeEvent.cpp">
      <Filter>GUI\Event</Filter>
    </ClCompile>
    <ClCompile Include="..\Source\GUI\GUIPicture.cpp">
      <Filter>GUI</Filter>
    </ClCompile>
    <ClCompile Include="..\Source\GUI\ChangeSubSetEvent.cpp">
      <Filter>GUI\Event</Filter>
    </ClCompile>
    <ClCompile Include="..\Source\GraphicsEngine\ParticleShader.cpp">
      <Filter>Graphics Engine Files</Filter>
    </ClCompile>
    <ClCompile Include="..\Source\GraphicsEngine\ParticleSystem.cpp">
      <Filter>Graphics Engine Files</Filter>
    </ClCompile>
    <ClCompile Include="..\Source\GraphicsEngine\ParticleSystemsHandler.cpp">
      <Filter>Graphics Engine Files</Filter>
    </ClCompile>
    <ClCompile Include="..\Source\Physics\Matrix3.cpp">
      <Filter>Game Files\Physics</Filter>
    </ClCompile>
    <ClCompile Include="..\Source\Physics\Matrix4.cpp">
      <Filter>Game Files\Physics</Filter>
    </ClCompile>
    <ClCompile Include="..\Source\MainMenuCreateAndDel.cpp">
      <Filter>Game Files</Filter>
    </ClCompile>
    <ClCompile Include="..\Source\GUI\CheckBox.cpp">
      <Filter>GUI</Filter>
    </ClCompile>
    <ClCompile Include="..\Source\GUI\ChangeOptionEvent.cpp">
      <Filter>GUI\Event</Filter>
    </ClCompile>
    <ClCompile Include="..\Source\Game Modes\GameMode.cpp">
      <Filter>Game Files\Game Modes</Filter>
    </ClCompile>
    <ClCompile Include="..\Source\Game Objects\PowerBall.cpp">
      <Filter>Game Files\Game Objects</Filter>
    </ClCompile>
    <ClCompile Include="..\Source\Game Objects\Map.cpp">
      <Filter>Game Files\Game Objects</Filter>
    </ClCompile>
    <ClCompile Include="..\Source\Game Objects\FlagCTF.cpp">
      <Filter>Game Files\Game Objects</Filter>
    </ClCompile>
    <ClCompile Include="..\Source\Game Objects\GameObject.cpp">
      <Filter>Game Files\Game Objects</Filter>
    </ClCompile>
    <ClCompile Include="..\Source\GameHandler.cpp">
      <Filter>Game Files</Filter>
    </ClCompile>
    <ClCompile Include="..\Source\Game Modes\Knockout.cpp">
      <Filter>Game Files\Game Modes</Filter>
    </ClCompile>
    <ClCompile Include="..\Source\Game Modes\Maze.cpp">
      <Filter>Game Files\Game Modes</Filter>
    </ClCompile>
    <ClCompile Include="..\Source\Game Modes\Warlock.cpp">
      <Filter>Game Files\Game Modes</Filter>
    </ClCompile>
    <ClCompile Include="..\Source\Game Modes\KingOfTheHill.cpp">
      <Filter>Game Files\Game Modes</Filter>
    </ClCompile>
    <ClCompile Include="..\Source\Game Modes\CaptureTheFlag.cpp">
      <Filter>Game Files\Game Modes</Filter>
    </ClCompile>
    <ClCompile Include="..\Source\Game Modes\Maze2.cpp">
      <Filter>Game Files\Game Modes</Filter>
    </ClCompile>
    <ClCompile Include="..\Source\SoundEngine\SoundSong.cpp">
      <Filter>Sound Engine Files</Filter>
    </ClCompile>
    <ClCompile Include="..\Source\SoundEngine\SoundEffect.cpp">
      <Filter>Sound Engine Files</Filter>
    </ClCompile>
    <ClCompile Include="..\Source\ChooseTeamMenu.cpp">
      <Filter>Game Files</Filter>
    </ClCompile>
    <ClCompile Include="..\Source\GUI\SelectTeamEvent.cpp">
      <Filter>GUI\Event</Filter>
    </ClCompile>
    <ClCompile Include="..\Source\Network\GameNetwork.cpp">
      <Filter>Game Files\Network</Filter>
    </ClCompile>
    <ClCompile Include="..\Source\Network\CommandHandler.cpp">
      <Filter>Game Files\Network</Filter>
    </ClCompile>
    <ClCompile Include="..\Source\Network\Command.cpp">
      <Filter>Game Files\Network</Filter>
    </ClCompile>
    <ClCompile Include="..\Source\Network\PlayerHistory.cpp">
      <Filter>Game Files\Network</Filter>
    </ClCompile>
    <ClCompile Include="..\Source\Network\ServerInfo.cpp">
      <Filter>Game Files\Network</Filter>
    </ClCompile>
    <ClCompile Include="..\Source\Network\ServerConnection.cpp">
      <Filter>Game Files\Network</Filter>
    </ClCompile>
    <ClCompile Include="..\Source\Network\MsgHandler.cpp">
      <Filter>Game Files\Network</Filter>
    </ClCompile>
    <ClCompile Include="..\Source\Spells\JumpSpell.cpp">
      <Filter>Game Files\Spells</Filter>
    </ClCompile>
    <ClCompile Include="..\Source\Network\GameModeInfo.cpp">
      <Filter>Game Files\Network</Filter>
    </ClCompile>
    <ClCompile Include="..\Source\Network\NetworkBall.cpp">
      <Filter>Game Files\Network</Filter>
    </ClCompile>
    <ClCompile Include="..\Source\GUI\ActionBar.cpp">
      <Filter>GUI</Filter>
    </ClCompile>
    <ClCompile Include="..\Source\GUI\ProgressBar.cpp">
      <Filter>GUI</Filter>
    </ClCompile>
    <ClCompile Include="..\Source\EndGameMenu.cpp">
      <Filter>Game Files</Filter>
    </ClCompile>
    <ClCompile Include="..\Source\SystemReqRestart.cpp">
      <Filter>Game Files</Filter>
    </ClCompile>
  </ItemGroup>
  <ItemGroup>
    <ClInclude Include="..\Source\MainMenu.h">
      <Filter>Game Files</Filter>
    </ClInclude>
    <ClInclude Include="..\Source\stdafx.h">
      <Filter>Game Files</Filter>
    </ClInclude>
    <ClInclude Include="..\Source\GraphicsEngine\GraphicsEngine.h">
      <Filter>Graphics Engine Files</Filter>
    </ClInclude>
    <ClInclude Include="..\Source\GraphicsEngine\Image.h">
      <Filter>Graphics Engine Files</Filter>
    </ClInclude>
    <ClInclude Include="..\Source\MaloWLib\Array.h">
      <Filter>Other\MaloWLib</Filter>
    </ClInclude>
    <ClInclude Include="..\Source\MaloWLib\KeyListener.h">
      <Filter>Other\MaloWLib</Filter>
    </ClInclude>
    <ClInclude Include="..\Source\MaloWLib\List.h">
      <Filter>Other\MaloWLib</Filter>
    </ClInclude>
    <ClInclude Include="..\Source\MaloWLib\MaloW.h">
      <Filter>Other\MaloWLib</Filter>
    </ClInclude>
    <ClInclude Include="..\Source\MaloWLib\MaloWFileDebug.h">
      <Filter>Other\MaloWLib</Filter>
    </ClInclude>
    <ClInclude Include="..\Source\MaloWLib\Process.h">
      <Filter>Other\MaloWLib</Filter>
    </ClInclude>
    <ClInclude Include="..\Source\MaloWLib\Queue.h">
      <Filter>Other\MaloWLib</Filter>
    </ClInclude>
    <ClInclude Include="..\Source\GraphicsEngine\MaloWLib\Camera.h">
      <Filter>Graphics Engine Files\MaloWLib</Filter>
    </ClInclude>
    <ClInclude Include="..\Source\GraphicsEngine\MaloWLib\FPSCamera.h">
      <Filter>Graphics Engine Files\MaloWLib</Filter>
    </ClInclude>
    <ClInclude Include="..\Source\GraphicsEngine\MaloWLib\Light.h">
      <Filter>Graphics Engine Files\MaloWLib</Filter>
    </ClInclude>
    <ClInclude Include="..\Source\GraphicsEngine\MaloWLib\Material.h">
      <Filter>Graphics Engine Files\MaloWLib</Filter>
    </ClInclude>
    <ClInclude Include="..\Source\GraphicsEngine\MaloWLib\Mesh.h">
      <Filter>Graphics Engine Files\MaloWLib</Filter>
    </ClInclude>
    <ClInclude Include="..\Source\GraphicsEngine\MaloWLib\MeshStrip.h">
      <Filter>Graphics Engine Files\MaloWLib</Filter>
    </ClInclude>
    <ClInclude Include="..\Source\GraphicsEngine\MaloWLib\ObjLoader.h">
      <Filter>Graphics Engine Files\MaloWLib</Filter>
    </ClInclude>
    <ClInclude Include="..\Source\GraphicsEngine\MaloWLib\RTSCamera.h">
      <Filter>Graphics Engine Files\MaloWLib</Filter>
    </ClInclude>
    <ClInclude Include="..\Source\GraphicsEngine\MaloWLib\Vertex.h">
      <Filter>Graphics Engine Files\MaloWLib</Filter>
    </ClInclude>
    <ClInclude Include="..\Source\GraphicsEngine\MaloWLib\DxManager.h">
      <Filter>Graphics Engine Files\MaloWLib\DirectX</Filter>
    </ClInclude>
    <ClInclude Include="..\Source\GraphicsEngine\MaloWLib\DxManagerDebugging.h">
      <Filter>Graphics Engine Files\MaloWLib\DirectX</Filter>
    </ClInclude>
    <ClInclude Include="..\Source\GraphicsEngine\MaloWLib\Buffer.h">
      <Filter>Graphics Engine Files\MaloWLib\DirectX</Filter>
    </ClInclude>
    <ClInclude Include="..\Source\GraphicsEngine\MaloWLib\Object3D.h">
      <Filter>Graphics Engine Files\MaloWLib\DirectX</Filter>
    </ClInclude>
    <ClInclude Include="..\Source\GraphicsEngine\MaloWLib\Shader.h">
      <Filter>Graphics Engine Files\MaloWLib\DirectX</Filter>
    </ClInclude>
    <ClInclude Include="..\Source\GraphicsEngine\MaloWLib\Terrain.h">
      <Filter>Graphics Engine Files\MaloWLib</Filter>
    </ClInclude>
    <ClInclude Include="..\Source\GraphicsEngine\MaloWLib\GraphicsEngineParameters.h">
      <Filter>Graphics Engine Files\MaloWLib</Filter>
    </ClInclude>
    <ClInclude Include="..\Source\GraphicsEngine\MaloWLib\Vector.h">
      <Filter>Graphics Engine Files\MaloWLib</Filter>
    </ClInclude>
    <ClInclude Include="..\Source\GUI\Element.h">
      <Filter>GUI</Filter>
    </ClInclude>
    <ClInclude Include="..\Source\GUI\GUISet.h">
      <Filter>GUI</Filter>
    </ClInclude>
    <ClInclude Include="..\Source\GUI\SimpleButton.h">
      <Filter>GUI</Filter>
    </ClInclude>
    <ClInclude Include="..\Source\GUI\NoEvent.h">
      <Filter>GUI\Event</Filter>
    </ClInclude>
    <ClInclude Include="..\Source\GUI\ChangeSetEvent.h">
      <Filter>GUI\Event</Filter>
    </ClInclude>
    <ClInclude Include="..\Source\GraphicsEngine\TextureManager.h">
      <Filter>Graphics Engine Files</Filter>
    </ClInclude>
    <ClInclude Include="..\Source\GraphicsEngine\SSAO.h">
      <Filter>Graphics Engine Files</Filter>
    </ClInclude>
    <ClInclude Include="..\Source\GUI\GUIEvent.h">
      <Filter>GUI\Event</Filter>
    </ClInclude>
    <ClInclude Include="..\Source\GraphicsEngine\Text.h">
      <Filter>Graphics Engine Files</Filter>
    </ClInclude>
    <ClInclude Include="..\Source\GUI\DropDownList.h">
      <Filter>GUI</Filter>
    </ClInclude>
    <ClInclude Include="..\Source\GraphicsEngine\SkyBox.h">
      <Filter>Graphics Engine Files</Filter>
    </ClInclude>
    <ClInclude Include="..\Source\GUI\GUIArchButton.h">
      <Filter>GUI</Filter>
    </ClInclude>
    <ClInclude Include="..\Source\GraphicsEngine\FXAA.h">
      <Filter>Graphics Engine Files</Filter>
    </ClInclude>
    <ClInclude Include="..\Source\GUI\ChangeResEvent.h">
      <Filter>GUI\Event</Filter>
    </ClInclude>
    <ClInclude Include="..\Source\InGameMenu.h">
      <Filter>Game Files</Filter>
    </ClInclude>
    <ClInclude Include="..\Source\MaloWLib\TCBSpline.h">
      <Filter>Other\MaloWLib</Filter>
    </ClInclude>
    <ClInclude Include="..\Source\GraphicsEngine\MaloWLib\CamRecording.h">
      <Filter>Graphics Engine Files\MaloWLib</Filter>
    </ClInclude>
    <ClInclude Include="..\Source\GraphicsEngine\CursorControl.h">
      <Filter>Graphics Engine Files</Filter>
    </ClInclude>
    <ClInclude Include="..\Source\SoundEngine\SoundEngine.h">
      <Filter>Sound Engine Files</Filter>
    </ClInclude>
    <ClInclude Include="..\Source\GraphicsEngine\AnimatedMesh.h">
      <Filter>Graphics Engine Files</Filter>
    </ClInclude>
    <ClInclude Include="..\Source\GraphicsEngine\StaticMesh.h">
      <Filter>Graphics Engine Files</Filter>
    </ClInclude>
    <ClInclude Include="..\Source\GraphicsEngine\MaloWLib\TRDCamera.h">
      <Filter>Graphics Engine Files\MaloWLib</Filter>
    </ClInclude>
    <ClInclude Include="..\Source\GUI\TextBox.h">
      <Filter>GUI</Filter>
    </ClInclude>
    <ClInclude Include="..\Source\GUI\SliderBar.h">
      <Filter>GUI</Filter>
    </ClInclude>
    <ClInclude Include="..\Source\Spells\ChargeSpell.h">
      <Filter>Game Files\Spells</Filter>
    </ClInclude>
    <ClInclude Include="..\Source\Spells\HardenSpell.h">
      <Filter>Game Files\Spells</Filter>
    </ClInclude>
    <ClInclude Include="..\Source\Spells\InvisibilitySpell.h">
      <Filter>Game Files\Spells</Filter>
    </ClInclude>
    <ClInclude Include="..\Source\Spells\Spell.h">
      <Filter>Game Files\Spells</Filter>
    </ClInclude>
    <ClInclude Include="..\Source\Spells\SprintSpell.h">
      <Filter>Game Files\Spells</Filter>
    </ClInclude>
    <ClInclude Include="..\Source\GUI\GameModeEvent.h">
      <Filter>GUI\Event</Filter>
    </ClInclude>
    <ClInclude Include="..\Source\GUI\GUIPicture.h">
      <Filter>GUI</Filter>
    </ClInclude>
    <ClInclude Include="..\Source\GUI\ChangeSubSetEvent.h">
      <Filter>GUI\Event</Filter>
    </ClInclude>
    <ClInclude Include="..\Source\GraphicsEngine\ParticleShader.h">
      <Filter>Graphics Engine Files</Filter>
    </ClInclude>
    <ClInclude Include="..\Source\GraphicsEngine\ParticleSystem.h">
      <Filter>Graphics Engine Files</Filter>
    </ClInclude>
    <ClInclude Include="..\Source\GraphicsEngine\ParticleSystemHandler.h">
      <Filter>Graphics Engine Files</Filter>
    </ClInclude>
    <ClInclude Include="..\Source\Physics\Matrix3.h">
      <Filter>Game Files\Physics</Filter>
    </ClInclude>
    <ClInclude Include="..\Source\Physics\Matrix4.h">
      <Filter>Game Files\Physics</Filter>
    </ClInclude>
    <ClInclude Include="..\Source\Physics\Vector4.h">
      <Filter>Game Files\Physics</Filter>
    </ClInclude>
    <ClInclude Include="..\Source\GUI\CheckBox.h">
      <Filter>GUI</Filter>
    </ClInclude>
    <ClInclude Include="..\Source\GUI\ChangeOptionEvent.h">
      <Filter>GUI\Event</Filter>
    </ClInclude>
    <ClInclude Include="..\Source\GameHandler.h">
      <Filter>Game Files</Filter>
    </ClInclude>
    <ClInclude Include="..\Source\Game Modes\Knockout.h">
      <Filter>Game Files\Game Modes</Filter>
    </ClInclude>
    <ClInclude Include="..\Source\Game Modes\GameMode.h">
      <Filter>Game Files\Game Modes</Filter>
    </ClInclude>
    <ClInclude Include="..\Source\Game Objects\PowerBall.h">
      <Filter>Game Files\Game Objects</Filter>
    </ClInclude>
    <ClInclude Include="..\Source\Game Objects\Map.h">
      <Filter>Game Files\Game Objects</Filter>
    </ClInclude>
    <ClInclude Include="..\Source\Game Objects\FlagCTF.h">
      <Filter>Game Files\Game Objects</Filter>
    </ClInclude>
    <ClInclude Include="..\Source\Game Modes\Maze.h">
      <Filter>Game Files\Game Modes</Filter>
    </ClInclude>
    <ClInclude Include="..\Source\Game Objects\GameObject.h">
      <Filter>Game Files\Game Objects</Filter>
    </ClInclude>
    <ClInclude Include="..\Source\Game Modes\Warlock.h">
      <Filter>Game Files\Game Modes</Filter>
    </ClInclude>
    <ClInclude Include="..\Source\Game Modes\KingOfTheHill.h">
      <Filter>Game Files\Game Modes</Filter>
    </ClInclude>
    <ClInclude Include="..\Source\Game Modes\CaptureTheFlag.h">
      <Filter>Game Files\Game Modes</Filter>
    </ClInclude>
    <ClInclude Include="..\Source\Game Modes\Maze2.h">
      <Filter>Game Files\Game Modes</Filter>
    </ClInclude>
    <ClInclude Include="..\Source\GameOptions.h">
      <Filter>Game Files</Filter>
    </ClInclude>
    <ClInclude Include="..\Source\SoundEngine\SoundSong.h">
      <Filter>Sound Engine Files</Filter>
    </ClInclude>
    <ClInclude Include="..\Source\SoundEngine\SoundEffect.h">
      <Filter>Sound Engine Files</Filter>
    </ClInclude>
    <ClInclude Include="..\Source\ChooseTeamMenu.h">
      <Filter>Game Files</Filter>
    </ClInclude>
    <ClInclude Include="..\Source\GUI\SelectTeamEvent.h">
      <Filter>GUI\Event</Filter>
    </ClInclude>
    <ClInclude Include="..\Source\Network\GameNetwork.h">
      <Filter>Game Files\Network</Filter>
    </ClInclude>
    <ClInclude Include="..\Source\Network\CommandHandler.h">
      <Filter>Game Files\Network</Filter>
    </ClInclude>
    <ClInclude Include="..\Source\Network\Command.h">
      <Filter>Game Files\Network</Filter>
    </ClInclude>
    <ClInclude Include="..\Source\Network\PlayerHistory.h">
      <Filter>Game Files\Network</Filter>
    </ClInclude>
    <ClInclude Include="..\Source\Network\ServerInfo.h">
      <Filter>Game Files\Network</Filter>
    </ClInclude>
    <ClInclude Include="..\Source\Network\ServerConnection.h">
      <Filter>Game Files\Network</Filter>
    </ClInclude>
    <ClInclude Include="..\Source\Network\MsgHandler.h">
      <Filter>Game Files\Network</Filter>
    </ClInclude>
    <ClInclude Include="..\Source\Spells\JumpSpell.h">
      <Filter>Game Files\Spells</Filter>
    </ClInclude>
    <ClInclude Include="..\Source\Network\GameModeInfo.h">
      <Filter>Game Files\Network</Filter>
    </ClInclude>
    <ClInclude Include="..\Source\Network\BufferFunctions.h">
      <Filter>Game Files\Network</Filter>
    </ClInclude>
    <ClInclude Include="..\Source\Network\NetworkBall.h">
      <Filter>Game Files\Network</Filter>
    </ClInclude>
    <ClInclude Include="..\Source\GUI\ActionBar.h">
      <Filter>GUI</Filter>
    </ClInclude>
    <ClInclude Include="..\Source\GUI\ProgressBar.h">
      <Filter>GUI</Filter>
    </ClInclude>
    <ClInclude Include="..\Source\EndGameMenu.h">
      <Filter>Game Files</Filter>
    </ClInclude>
    <ClInclude Include="..\Source\SystemReqRestart.cpp">
      <Filter>Game Files</Filter>
    </ClInclude>
    <ClInclude Include="..\Source\SystemReqRestart.h">
      <Filter>Game Files</Filter>
    </ClInclude>
    <ClInclude Include="..\Source\Network\NetworkHandler.h">
      <Filter>Game Files\Network</Filter>
    </ClInclude>
    <ClInclude Include="..\Source\Network\OnlineHandler.h">
      <Filter>Game Files\Network</Filter>
    </ClInclude>
    <ClInclude Include="..\Source\Network\Connection.h">
      <Filter>Game Files\Network</Filter>
    </ClInclude>


  </ItemGroup>
  <ItemGroup>
    <None Include="Shaders\DebugNormals.fx">
      <Filter>Graphics Engine Files\Shaders</Filter>
    </None>
    <None Include="Shaders\DebugWireframe.fx">
      <Filter>Graphics Engine Files\Shaders</Filter>
    </None>
    <None Include="Shaders\DeferredGeometry.fx">
      <Filter>Graphics Engine Files\Shaders</Filter>
    </None>
    <None Include="Shaders\DeferredLightning.fx">
      <Filter>Graphics Engine Files\Shaders</Filter>
    </None>
    <None Include="Shaders\ScreenSpaceBillBoard.fx">
      <Filter>Graphics Engine Files\Shaders</Filter>
    </None>
    <None Include="Shaders\ForwardRendering.fx">
      <Filter>Graphics Engine Files\Shaders</Filter>
    </None>
    <None Include="Shaders\FXAA.fx">
      <Filter>Graphics Engine Files\Shaders</Filter>
    </None>
    <None Include="Shaders\ShadowMap.fx">
      <Filter>Graphics Engine Files\Shaders</Filter>
    </None>
    <None Include="Shaders\SSAO.fx">
      <Filter>Graphics Engine Files\Shaders</Filter>
    </None>
    <None Include="Shaders\DeferredQuad.fx">
      <Filter>Graphics Engine Files\Shaders</Filter>
    </None>
    <None Include="Shaders\DeferredTexture.fx">
      <Filter>Graphics Engine Files\Shaders</Filter>
    </None>
    <None Include="Shaders\Lava.fx">
      <Filter>Graphics Engine Files\Shaders</Filter>
    </None>
    <None Include="Shaders\SkyBox.fx">
      <Filter>Graphics Engine Files\Shaders</Filter>
    </None>
    <None Include="Shaders\stdafx.fx">
      <Filter>Graphics Engine Files\Shaders</Filter>
    </None>
    <None Include="Shaders\DeferredAnimatedGeometry.fx">
      <Filter>Graphics Engine Files\Shaders</Filter>
    </None>
    <None Include="Shaders\TextRenderer.fx">
      <Filter>Graphics Engine Files\Shaders</Filter>
    </None>
    <None Include="Shaders\InvisibilityEffect.fx">
      <Filter>Graphics Engine Files\Shaders</Filter>
    </None>
  </ItemGroup>
</Project>